
Microsoft Visual Studio Solution File, Format Version 12.00
# Visual Studio Version 16
VisualStudioVersion = 16.0.32228.343
MinimumVisualStudioVersion = 10.0.40219.1
Project("{8BC9CEB8-8B4A-11D0-8D11-00A0C91BC942}") = "5-10.c", "5-10.c\5-10.c.vcxproj", "{DDFD266B-72F2-49F3-9603-8BC0268E843E}"
EndProject
Global
	GlobalSection(SolutionConfigurationPlatforms) = preSolution
		Debug|x64 = Debug|x64
		Debug|x86 = Debug|x86
		Release|x64 = Release|x64
		Release|x86 = Release|x86
	EndGlobalSection
	GlobalSection(ProjectConfigurationPlatforms) = postSolution
		{DDFD266B-72F2-49F3-9603-8BC0268E843E}.Debug|x64.ActiveCfg = Debug|x64
		{DDFD266B-72F2-49F3-9603-8BC0268E843E}.Debug|x64.Build.0 = Debug|x64
		{DDFD266B-72F2-49F3-9603-8BC0268E843E}.Debug|x86.ActiveCfg = Debug|Win32
		{DDFD266B-72F2-49F3-9603-8BC0268E843E}.Debug|x86.Build.0 = Debug|Win32
		{DDFD266B-72F2-49F3-9603-8BC0268E843E}.Release|x64.ActiveCfg = Release|x64
		{DDFD266B-72F2-49F3-9603-8BC0268E843E}.Release|x64.Build.0 = Release|x64
		{DDFD266B-72F2-49F3-9603-8BC0268E843E}.Release|x86.ActiveCfg = Release|Win32
		{DDFD266B-72F2-49F3-9603-8BC0268E843E}.Release|x86.Build.0 = Release|Win32
	EndGlobalSection
	GlobalSection(SolutionProperties) = preSolution
		HideSolutionNode = FALSE
	EndGlobalSection
	GlobalSection(ExtensibilityGlobals) = postSolution
		SolutionGuid = {F03EED6A-C39D-45F6-87F6-F5A9E8D79CFE}
	EndGlobalSection
EndGlobal
